<?xml version="1.0" encoding="utf-8"?>
<Project ToolsVersion="4.0" xmlns="http://schemas.microsoft.com/developer/msbuild/2003">
  <ItemGroup>
    <Filter Include="Source Files">
      <UniqueIdentifier>{4FC737F1-C7A5-4376-A066-2A32D752A2FF}</UniqueIdentifier>
      <Extensions>cpp;c;cc;cxx;def;odl;idl;hpj;bat;asm;asmx</Extensions>
    </Filter>
    <Filter Include="Header Files">
      <UniqueIdentifier>{93995380-89BD-4b04-88EB-625FBE52EBFB}</UniqueIdentifier>
      <Extensions>h;hh;hpp;hxx;hm;inl;inc;ipp;xsd</Extensions>
    </Filter>
    <Filter Include="Resource Files">
      <UniqueIdentifier>{67DA6AB6-F800-4c08-8B7A-83BB121AAD01}</UniqueIdentifier>
      <Extensions>rc;ico;cur;bmp;dlg;rc2;rct;bin;rgs;gif;jpg;jpeg;jpe;resx;tiff;tif;png;wav;mfcribbon-ms</Extensions>
    </Filter>
  </ItemGroup>
  <ItemGroup>
    <ClCompile Include="main.cpp">
      <Filter>Source Files</Filter>
    </ClCompile>
    <ClCompile Include="Bullet.cpp">
      <Filter>Source Files</Filter>
    </ClCompile>
    <ClCompile Include="Grenade.cpp">
      <Filter>Source Files</Filter>
    </ClCompile>
    <ClCompile Include="Team.cpp">
      <Filter>Source Files</Filter>
    </ClCompile>
    <ClCompile Include="State.cpp">
      <Filter>Source Files</Filter>
    </ClCompile>
    <ClCompile Include="NPC.cpp">
      <Filter>Source Files</Filter>
    </ClCompile>
    <ClCompile Include="AStar.cpp">
      <Filter>Source Files</Filter>
    </ClCompile>
    <ClCompile Include="MedicNPC.cpp">
      <Filter>Source Files</Filter>
    </ClCompile>
    <ClCompile Include="SupplierNPC.cpp">
      <Filter>Source Files</Filter>
    </ClCompile>
    <ClCompile Include="CommanderNPC.cpp">
      <Filter>Source Files</Filter>
    </ClCompile>
    <ClCompile Include="WarriorNPC.cpp">
      <Filter>Source Files</Filter>
    </ClCompile>
    <ClCompile Include="Visibility.cpp">
      <Filter>Source Files</Filter>
    </ClCompile>
    <ClCompile Include="WarriorStates.cpp">
      <Filter>Source Files</Filter>
    </ClCompile>
  </ItemGroup>
  <ItemGroup>
    <ClInclude Include="Bullet.h">
      <Filter>Header Files</Filter>
    </ClInclude>
    <ClInclude Include="Grenade.h">
      <Filter>Header Files</Filter>
    </ClInclude>
    <ClInclude Include="Definitions.h">
      <Filter>Header Files</Filter>
    </ClInclude>
    <ClInclude Include="Team.h">
      <Filter>Header Files</Filter>
    </ClInclude>
    <ClInclude Include="State.h">
      <Filter>Header Files</Filter>
    </ClInclude>
    <ClInclude Include="NPC.h">
      <Filter>Header Files</Filter>
    </ClInclude>
    <ClInclude Include="AStar.h">
      <Filter>Header Files</Filter>
    </ClInclude>
    <ClInclude Include="MedicNPC.h">
      <Filter>Header Files</Filter>
    </ClInclude>
    <ClInclude Include="SupplierNPC.h">
      <Filter>Header Files</Filter>
    </ClInclude>
    <ClInclude Include="CommanderNPC.h">
      <Filter>Header Files</Filter>
    </ClInclude>
    <ClInclude Include="WarriorNPC.h">
      <Filter>Header Files</Filter>
    </ClInclude>
    <ClInclude Include="Visibility.h">
      <Filter>Header Files</Filter>
    </ClInclude>
    <ClInclude Include="WarriorStates.h">
      <Filter>Header Files</Filter>
    </ClInclude>
  </ItemGroup>
</Project>